{
    "name": "macroverse",
    "version": "1.2.0",
    "lockfileVersion": 1,
    "requires": true,
    "dependencies": {
        "degrees-radians": {
            "version": "1.0.3",
            "resolved": "https://registry.npmjs.org/degrees-radians/-/degrees-radians-1.0.3.tgz",
            "integrity": "sha1-3FI30UXOH4xc3c5uhRIttk8Ds0M="
        },
        "radians-degrees": {
            "version": "1.0.0",
            "resolved": "https://registry.npmjs.org/radians-degrees/-/radians-degrees-1.0.0.tgz",
            "integrity": "sha1-cjK/FxQQeIyaspWnz3+txV5yUTo="
        },
        "zeppelin-solidity": {
            "version": "1.3.0",
            "resolved": "https://registry.npmjs.org/zeppelin-solidity/-/zeppelin-solidity-1.3.0.tgz",
            "integrity": "sha512-q+WyqvQjE5gpKgXrhD8LBh0Njg7GI/zs4lKX14y0j7ISJIxe68hihSjaMU05V0M0qAbxgRC43AFTt7CxNsO8nQ=="
        }
    }
}
